// !$*UTF8*$!
{
	archiveVersion = 1;
	classes = {
	};
	objectVersion = 56;
	objects = {

/* Begin PBXBuildFile section */
		719F43AC29DAAE9900D7EB55 /* testApp.swift in Sources */ = {isa = PBXBuildFile; fileRef = 719F43AB29DAAE9900D7EB55 /* testApp.swift */; };
		719F43AE29DAAE9900D7EB55 /* ContentView.swift in Sources */ = {isa = PBXBuildFile; fileRef = 719F43AD29DAAE9900D7EB55 /* ContentView.swift */; };
		719F43B029DAAE9A00D7EB55 /* Assets.xcassets in Resources */ = {isa = PBXBuildFile; fileRef = 719F43AF29DAAE9A00D7EB55 /* Assets.xcassets */; };
		719F43B329DAAE9A00D7EB55 /* Preview Assets.xcassets in Resources */ = {isa = PBXBuildFile; fileRef = 719F43B229DAAE9A00D7EB55 /* Preview Assets.xcassets */; };
		719F43BE29DAAE9A00D7EB55 /* testTests.swift in Sources */ = {isa = PBXBuildFile; fileRef = 719F43BD29DAAE9A00D7EB55 /* testTests.swift */; };
		719F43C829DAAE9A00D7EB55 /* testUITests.swift in Sources */ = {isa = PBXBuildFile; fileRef = 719F43C729DAAE9A00D7EB55 /* testUITests.swift */; };
		719F43CA29DAAE9A00D7EB55 /* testUITestsLaunchTests.swift in Sources */ = {isa = PBXBuildFile; fileRef = 719F43C929DAAE9A00D7EB55 /* testUITestsLaunchTests.swift */; };
/* End PBXBuildFile section */

/* Begin PBXContainerItemProxy section */
		719F43BA29DAAE9A00D7EB55 /* PBXContainerItemProxy */ = {
			isa = PBXContainerItemProxy;
			containerPortal = 719F43A029DAAE9900D7EB55 /* Project object */;
			proxyType = 1;
			remoteGlobalIDString = 719F43A729DAAE9900D7EB55;
			remoteInfo = test;
		};
		719F43C429DAAE9A00D7EB55 /* PBXContainerItemProxy */ = {
			isa = PBXContainerItemProxy;
			containerPortal = 719F43A029DAAE9900D7EB55 /* Project object */;
			proxyType = 1;
			remoteGlobalIDString = 719F43A729DAAE9900D7EB55;
			remoteInfo = test;
		};
/* End PBXContainerItemProxy section */

/* Begin PBXFileReference section */
		719F43A829DAAE9900D7EB55 /* test.app */ = {isa = PBXFileReference; explicitFileType = wrapper.application; includeInIndex = 0; path = test.app; sourceTree = BUILT_PRODUCTS_DIR; };
		719F43AB29DAAE9900D7EB55 /* testApp.swift */ = {isa = PBXFileReference; lastKnownFileType = sourcecode.swift; path = testApp.swift; sourceTree = "<group>"; };
		719F43AD29DAAE9900D7EB55 /* ContentView.swift */ = {isa = PBXFileReference; lastKnownFileType = sourcecode.swift; path = ContentView.swift; sourceTree = "<group>"; };
		719F43AF29DAAE9A00D7EB55 /* Assets.xcassets */ = {isa = PBXFileReference; lastKnownFileType = folder.assetcatalog; path = Assets.xcassets; sourceTree = "<group>"; };
		719F43B229DAAE9A00D7EB55 /* Preview Assets.xcassets */ = {isa = PBXFileReference; lastKnownFileType = folder.assetcatalog; path = "Preview Assets.xcassets"; sourceTree = "<group>"; };
		719F43B429DAAE9A00D7EB55 /* test.entitlements */ = {isa = PBXFileReference; lastKnownFileType = text.plist.entitlements; path = test.entitlements; sourceTree = "<group>"; };
		719F43B929DAAE9A00D7EB55 /* testTests.xctest */ = {isa = PBXFileReference; explicitFileType = wrapper.cfbundle; includeInIndex = 0; path = testTests.xctest; sourceTree = BUILT_PRODUCTS_DIR; };
		719F43BD29DAAE9A00D7EB55 /* testTests.swift */ = {isa = PBXFileReference; lastKnownFileType = sourcecode.swift; path = testTests.swift; sourceTree = "<group>"; };
		719F43C329DAAE9A00D7EB55 /* testUITests.xctest */ = {isa = PBXFileReference; explicitFileType = wrapper.cfbundle; includeInIndex = 0; path = testUITests.xctest; sourceTree = BUILT_PRODUCTS_DIR; };
		719F43C729DAAE9A00D7EB55 /* testUITests.swift */ = {isa = PBXFileReference; lastKnownFileType = sourcecode.swift; path = testUITests.swift; sourceTree = "<group>"; };
		719F43C929DAAE9A00D7EB55 /* testUITestsLaunchTests.swift */ = {isa = PBXFileReference; lastKnownFileType = sourcecode.swift; path = testUITestsLaunchTests.swift; sourceTree = "<group>"; };
/* End PBXFileReference section */

/* Begin PBXFrameworksBuildPhase section */
		719F43A529DAAE9900D7EB55 /* Frameworks */ = {
			isa = PBXFrameworksBuildPhase;
			buildActionMask = 2147483647;
			files = (
			);
			runOnlyForDeploymentPostprocessing = 0;
		};
		719F43B629DAAE9A00D7EB55 /* Frameworks */ = {
			isa = PBXFrameworksBuildPhase;
			buildActionMask = 2147483647;
			files = (
			);
			runOnlyForDeploymentPostprocessing = 0;
		};
		719F43C029DAAE9A00D7EB55 /* Frameworks */ = {
			isa = PBXFrameworksBuildPhase;
			buildActionMask = 2147483647;
			files = (
			);
			runOnlyForDeploymentPostprocessing = 0;
		};
/* End PBXFrameworksBuildPhase section */

/* Begin PBXGroup section */
		719F439F29DAAE9900D7EB55 = {
			isa = PBXGroup;
			children = (
				719F43AA29DAAE9900D7EB55 /* test */,
				719F43BC29DAAE9A00D7EB55 /* testTests */,
				719F43C629DAAE9A00D7EB55 /* testUITests */,
				719F43A929DAAE9900D7EB55 /* Products */,
			);
			sourceTree = "<group>";
		};
		719F43A929DAAE9900D7EB55 /* Products */ = {
			isa = PBXGroup;
			children = (
				719F43A829DAAE9900D7EB55 /* test.app */,
				719F43B929DAAE9A00D7EB55 /* testTests.xctest */,
				719F43C329DAAE9A00D7EB55 /* testUITests.xctest */,
			);
			name = Products;
			sourceTree = "<group>";
		};
		719F43AA29DAAE9900D7EB55 /* test */ = {
			isa = PBXGroup;
			children = (
				719F43AB29DAAE9900D7EB55 /* testApp.swift */,
				719F43AD29DAAE9900D7EB55 /* ContentView.swift */,
				719F43AF29DAAE9A00D7EB55 /* Assets.xcassets */,
				719F43B429DAAE9A00D7EB55 /* test.entitlements */,
				719F43B129DAAE9A00D7EB55 /* Preview Content */,
			);
			path = test;
			sourceTree = "<group>";
		};
		719F43B129DAAE9A00D7EB55 /* Preview Content */ = {
			isa = PBXGroup;
			children = (
				719F43B229DAAE9A00D7EB55 /* Preview Assets.xcassets */,
			);
			path = "Preview Content";
			sourceTree = "<group>";
		};
		719F43BC29DAAE9A00D7EB55 /* testTests */ = {
			isa = PBXGroup;
			children = (
				719F43BD29DAAE9A00D7EB55 /* testTests.swift */,
			);
			path = testTests;
			sourceTree = "<group>";
		};
		719F43C629DAAE9A00D7EB55 /* testUITests */ = {
			isa = PBXGroup;
			children = (
				719F43C729DAAE9A00D7EB55 /* testUITests.swift */,
				719F43C929DAAE9A00D7EB55 /* testUITestsLaunchTests.swift */,
			);
			path = testUITests;
			sourceTree = "<group>";
		};
/* End PBXGroup section */

/* Begin PBXNativeTarget section */
		719F43A729DAAE9900D7EB55 /* test */ = {
			isa = PBXNativeTarget;
			buildConfigurationList = 719F43CD29DAAE9A00D7EB55 /* Build configuration list for PBXNativeTarget "test" */;
			buildPhases = (
				719F43A429DAAE9900D7EB55 /* Sources */,
				719F43A529DAAE9900D7EB55 /* Frameworks */,
				719F43A629DAAE9900D7EB55 /* Resources */,
			);
			buildRules = (
			);
			dependencies = (
			);
			name = test;
			productName = test;
			productReference = 719F43A829DAAE9900D7EB55 /* test.app */;
			productType = "com.apple.product-type.application";
		};
		719F43B829DAAE9A00D7EB55 /* testTests */ = {
			isa = PBXNativeTarget;
			buildConfigurationList = 719F43D029DAAE9A00D7EB55 /* Build configuration list for PBXNativeTarget "testTests" */;
			buildPhases = (
				719F43B529DAAE9A00D7EB55 /* Sources */,
				719F43B629DAAE9A00D7EB55 /* Frameworks */,
				719F43B729DAAE9A00D7EB55 /* Resources */,
			);
			buildRules = (
			);
			dependencies = (
				719F43BB29DAAE9A00D7EB55 /* PBXTargetDependency */,
			);
			name = testTests;
			productName = testTests;
			productReference = 719F43B929DAAE9A00D7EB55 /* testTests.xctest */;
			productType = "com.apple.product-type.bundle.unit-test";
		};
		719F43C229DAAE9A00D7EB55 /* testUITests */ = {
			isa = PBXNativeTarget;
			buildConfigurationList = 719F43D329DAAE9A00D7EB55 /* Build configuration list for PBXNativeTarget "testUITests" */;
			buildPhases = (
				719F43BF29DAAE9A00D7EB55 /* Sources */,
				719F43C029DAAE9A00D7EB55 /* Frameworks */,
				719F43C129DAAE9A00D7EB55 /* Resources */,
			);
			buildRules = (
			);
			dependencies = (
				719F43C529DAAE9A00D7EB55 /* PBXTargetDependency */,
			);
			name = testUITests;
			productName = testUITests;
			productReference = 719F43C329DAAE9A00D7EB55 /* testUITests.xctest */;
			productType = "com.apple.product-type.bundle.ui-testing";
		};
/* End PBXNativeTarget section */

/* Begin PBXProject section */
		719F43A029DAAE9900D7EB55 /* Project object */ = {
			isa = PBXProject;
			attributes = {
				BuildIndependentTargetsInParallel = 1;
				LastSwiftUpdateCheck = 1420;
				LastUpgradeCheck = 1420;
				TargetAttributes = {
					719F43A729DAAE9900D7EB55 = {
						CreatedOnToolsVersion = 14.2;
					};
					719F43B829DAAE9A00D7EB55 = {
						CreatedOnToolsVersion = 14.2;
						TestTargetID = 719F43A729DAAE9900D7EB55;
					};
					719F43C229DAAE9A00D7EB55 = {
						CreatedOnToolsVersion = 14.2;
						TestTargetID = 719F43A729DAAE9900D7EB55;
					};
				};
			};
			buildConfigurationList = 719F43A329DAAE9900D7EB55 /* Build configuration list for PBXProject "test" */;
			compatibilityVersion = "Xcode 14.0";
			developmentRegion = en;
			hasScannedForEncodings = 0;
			knownRegions = (
				en,
				Base,
			);
			mainGroup = 719F439F29DAAE9900D7EB55;
			productRefGroup = 719F43A929DAAE9900D7EB55 /* Products */;
			projectDirPath = "";
			projectRoot = "";
			targets = (
				719F43A729DAAE9900D7EB55 /* test */,
				719F43B829DAAE9A00D7EB55 /* testTests */,
				719F43C229DAAE9A00D7EB55 /* testUITests */,
			);
		};
/* End PBXProject section */

/* Begin PBXResourcesBuildPhase section */
		719F43A629DAAE9900D7EB55 /* Resources */ = {
			isa = PBXResourcesBuildPhase;
			buildActionMask = 2147483647;
			files = (
				719F43B329DAAE9A00D7EB55 /* Preview Assets.xcassets in Resources */,
				719F43B029DAAE9A00D7EB55 /* Assets.xcassets in Resources */,
			);
			runOnlyForDeploymentPostprocessing = 0;
		};
		719F43B729DAAE9A00D7EB55 /* Resources */ = {
			isa = PBXResourcesBuildPhase;
			buildActionMask = 2147483647;
			files = (
			);
			runOnlyForDeploymentPostprocessing = 0;
		};
		719F43C129DAAE9A00D7EB55 /* Resources */ = {
			isa = PBXResourcesBuildPhase;
			buildActionMask = 2147483647;
			files = (
			);
			runOnlyForDeploymentPostprocessing = 0;
		};
/* End PBXResourcesBuildPhase section */

/* Begin PBXSourcesBuildPhase section */
		719F43A429DAAE9900D7EB55 /* Sources */ = {
			isa = PBXSourcesBuildPhase;
			buildActionMask = 2147483647;
			files = (
				719F43AE29DAAE9900D7EB55 /* ContentView.swift in Sources */,
				719F43AC29DAAE9900D7EB55 /* testApp.swift in Sources */,
			);
			runOnlyForDeploymentPostprocessing = 0;
		};
		719F43B529DAAE9A00D7EB55 /* Sources */ = {
			isa = PBXSourcesBuildPhase;
			buildActionMask = 2147483647;
			files = (
				719F43BE29DAAE9A00D7EB55 /* testTests.swift in Sources */,
			);
			runOnlyForDeploymentPostprocessing = 0;
		};
		719F43BF29DAAE9A00D7EB55 /* Sources */ = {
			isa = PBXSourcesBuildPhase;
			buildActionMask = 2147483647;
			files = (
				719F43CA29DAAE9A00D7EB55 /* testUITestsLaunchTests.swift in Sources */,
				719F43C829DAAE9A00D7EB55 /* testUITests.swift in Sources */,
			);
			runOnlyForDeploymentPostprocessing = 0;
		};
/* End PBXSourcesBuildPhase section */

/* Begin PBXTargetDependency section */
		719F43BB29DAAE9A00D7EB55 /* PBXTargetDependency */ = {
			isa = PBXTargetDependency;
			target = 719F43A729DAAE9900D7EB55 /* test */;
			targetProxy = 719F43BA29DAAE9A00D7EB55 /* PBXContainerItemProxy */;
		};
		719F43C529DAAE9A00D7EB55 /* PBXTargetDependency */ = {
			isa = PBXTargetDependency;
			target = 719F43A729DAAE9900D7EB55 /* test */;
			targetProxy = 719F43C429DAAE9A00D7EB55 /* PBXContainerItemProxy */;
		};
/* End PBXTargetDependency section */

/* Begin XCBuildConfiguration section */
		719F43CB29DAAE9A00D7EB55 /* Debug */ = {
			isa = XCBuildConfiguration;
			buildSettings = {
				ALWAYS_SEARCH_USER_PATHS = NO;
				CLANG_ANALYZER_NONNULL = YES;
				CLANG_ANALYZER_NUMBER_OBJECT_CONVERSION = YES_AGGRESSIVE;
				CLANG_CXX_LANGUAGE_STANDARD = "gnu++20";
				CLANG_ENABLE_MODULES = YES;
				CLANG_ENABLE_OBJC_ARC = YES;
				CLANG_ENABLE_OBJC_WEAK = YES;
				CLANG_WARN_BLOCK_CAPTURE_AUTORELEASING = YES;
				CLANG_WARN_BOOL_CONVERSION = YES;
				CLANG_WARN_COMMA = YES;
				CLANG_WARN_CONSTANT_CONVERSION = YES;
				CLANG_WARN_DEPRECATED_OBJC_IMPLEMENTATIONS = YES;
				CLANG_WARN_DIRECT_OBJC_ISA_USAGE = YES_ERROR;
				CLANG_WARN_DOCUMENTATION_COMMENTS = YES;
				CLANG_WARN_EMPTY_BODY = YES;
				CLANG_WARN_ENUM_CONVERSION = YES;
				CLANG_WARN_INFINITE_RECURSION = YES;
				CLANG_WARN_INT_CONVERSION = YES;
				CLANG_WARN_NON_LITERAL_NULL_CONVERSION = YES;
				CLANG_WARN_OBJC_IMPLICIT_RETAIN_SELF = YES;
				CLANG_WARN_OBJC_LITERAL_CONVERSION = YES;
				CLANG_WARN_OBJC_ROOT_CLASS = YES_ERROR;
				CLANG_WARN_QUOTED_INCLUDE_IN_FRAMEWORK_HEADER = YES;
				CLANG_WARN_RANGE_LOOP_ANALYSIS = YES;
				CLANG_WARN_STRICT_PROTOTYPES = YES;
				CLANG_WARN_SUSPICIOUS_MOVE = YES;
				CLANG_WARN_UNGUARDED_AVAILABILITY = YES_AGGRESSIVE;
				CLANG_WARN_UNREACHABLE_CODE = YES;
				CLANG_WARN__DUPLICATE_METHOD_MATCH = YES;
				COPY_PHASE_STRIP = NO;
				DEBUG_INFORMATION_FORMAT = dwarf;
				ENABLE_STRICT_OBJC_MSGSEND = YES;
				ENABLE_TESTABILITY = YES;
				GCC_C_LANGUAGE_STANDARD = gnu11;
				GCC_DYNAMIC_NO_PIC = NO;
				GCC_NO_COMMON_BLOCKS = YES;
				GCC_OPTIMIZATION_LEVEL = 0;
				GCC_PREPROCESSOR_DEFINITIONS = (
					"DEBUG=1",
					"$(inherited)",
				);
				GCC_WARN_64_TO_32_BIT_CONVERSION = YES;
				GCC_WARN_ABOUT_RETURN_TYPE = YES_ERROR;
				GCC_WARN_UNDECLARED_SELECTOR = YES;
				GCC_WARN_UNINITIALIZED_AUTOS = YES_AGGRESSIVE;
				GCC_WARN_UNUSED_FUNCTION = YES;
				GCC_WARN_UNUSED_VARIABLE = YES;
				MACOSX_DEPLOYMENT_TARGET = 13.1;
				MTL_ENABLE_DEBUG_INFO = INCLUDE_SOURCE;
				MTL_FAST_MATH = YES;
				ONLY_ACTIVE_ARCH = YES;
				SDKROOT = macosx;
				SWIFT_ACTIVE_COMPILATION_CONDITIONS = DEBUG;
				SWIFT_OPTIMIZATION_LEVEL = "-Onone";
			};
			name = Debug;
		};
		719F43CC29DAAE9A00D7EB55 /* Release */ = {
			isa = XCBuildConfiguration;
			buildSettings = {
				ALWAYS_SEARCH_USER_PATHS = NO;
				CLANG_ANALYZER_NONNULL = YES;
				CLANG_ANALYZER_NUMBER_OBJECT_CONVERSION = YES_AGGRESSIVE;
				CLANG_CXX_LANGUAGE_STANDARD = "gnu++20";
				CLANG_ENABLE_MODULES = YES;
				CLANG_ENABLE_OBJC_ARC = YES;
				CLANG_ENABLE_OBJC_WEAK = YES;
				CLANG_WARN_BLOCK_CAPTURE_AUTORELEASING = YES;
				CLANG_WARN_BOOL_CONVERSION = YES;
				CLANG_WARN_COMMA = YES;
				CLANG_WARN_CONSTANT_CONVERSION = YES;
				CLANG_WARN_DEPRECATED_OBJC_IMPLEMENTATIONS = YES;
				CLANG_WARN_DIRECT_OBJC_ISA_USAGE = YES_ERROR;
				CLANG_WARN_DOCUMENTATION_COMMENTS = YES;
				CLANG_WARN_EMPTY_BODY = YES;
				CLANG_WARN_ENUM_CONVERSION = YES;
				CLANG_WARN_INFINITE_RECURSION = YES;
				CLANG_WARN_INT_CONVERSION = YES;
				CLANG_WARN_NON_LITERAL_NULL_CONVERSION = YES;
				CLANG_WARN_OBJC_IMPLICIT_RETAIN_SELF = YES;
				CLANG_WARN_OBJC_LITERAL_CONVERSION = YES;
				CLANG_WARN_OBJC_ROOT_CLASS = YES_ERROR;
				CLANG_WARN_QUOTED_INCLUDE_IN_FRAMEWORK_HEADER = YES;
				CLANG_WARN_RANGE_LOOP_ANALYSIS = YES;
				CLANG_WARN_STRICT_PROTOTYPES = YES;
				CLANG_WARN_SUSPICIOUS_MOVE = YES;
				CLANG_WARN_UNGUARDED_AVAILABILITY = YES_AGGRESSIVE;
				CLANG_WARN_UNREACHABLE_CODE = YES;
				CLANG_WARN__DUPLICATE_METHOD_MATCH = YES;
				COPY_PHASE_STRIP = NO;
				DEBUG_INFORMATION_FORMAT = "dwarf-with-dsym";
				ENABLE_NS_ASSERTIONS = NO;
				ENABLE_STRICT_OBJC_MSGSEND = YES;
				GCC_C_LANGUAGE_STANDARD = gnu11;
				GCC_NO_COMMON_BLOCKS = YES;
				GCC_WARN_64_TO_32_BIT_CONVERSION = YES;
				GCC_WARN_ABOUT_RETURN_TYPE = YES_ERROR;
				GCC_WARN_UNDECLARED_SELECTOR = YES;
				GCC_WARN_UNINITIALIZED_AUTOS = YES_AGGRESSIVE;
				GCC_WARN_UNUSED_FUNCTION = YES;
				GCC_WARN_UNUSED_VARIABLE = YES;
				MACOSX_DEPLOYMENT_TARGET = 13.1;
				MTL_ENABLE_DEBUG_INFO = NO;
				MTL_FAST_MATH = YES;
				SDKROOT = macosx;
				SWIFT_COMPILATION_MODE = wholemodule;
				SWIFT_OPTIMIZATION_LEVEL = "-O";
			};
			name = Release;
		};
		719F43CE29DAAE9A00D7EB55 /* Debug */ = {
			isa = XCBuildConfiguration;
			buildSettings = {
				ASSETCATALOG_COMPILER_APPICON_NAME = AppIcon;
				ASSETCATALOG_COMPILER_GLOBAL_ACCENT_COLOR_NAME = AccentColor;
				CODE_SIGN_ENTITLEMENTS = test/test.entitlements;
				CODE_SIGN_STYLE = Automatic;
				COMBINE_HIDPI_IMAGES = YES;
				CURRENT_PROJECT_VERSION = 1;
				DEVELOPMENT_ASSET_PATHS = "\"test/Preview Content\"";
				DEVELOPMENT_TEAM = 2H8Q64FC32;
				ENABLE_HARDENED_RUNTIME = YES;
				ENABLE_PREVIEWS = YES;
				GENERATE_INFOPLIST_FILE = YES;
				INFOPLIST_KEY_NSHumanReadableCopyright = "";
				LD_RUNPATH_SEARCH_PATHS = (
					"$(inherited)",
					"@executable_path/../Frameworks",
				);
				MARKETING_VERSION = 1.0;
				PRODUCT_BUNDLE_IDENTIFIER = Practice.test;
				PRODUCT_NAME = "$(TARGET_NAME)";
				SWIFT_EMIT_LOC_STRINGS = YES;
				SWIFT_VERSION = 5.0;
			};
			name = Debug;
		};
		719F43CF29DAAE9A00D7EB55 /* Release */ = {
			isa = XCBuildConfiguration;
			buildSettings = {
				ASSETCATALOG_COMPILER_APPICON_NAME = AppIcon;
				ASSETCATALOG_COMPILER_GLOBAL_ACCENT_COLOR_NAME = AccentColor;
				CODE_SIGN_ENTITLEMENTS = test/test.entitlements;
				CODE_SIGN_STYLE = Automatic;
				COMBINE_HIDPI_IMAGES = YES;
				CURRENT_PROJECT_VERSION = 1;
				DEVELOPMENT_ASSET_PATHS = "\"test/Preview Content\"";
				DEVELOPMENT_TEAM = 2H8Q64FC32;
				ENABLE_HARDENED_RUNTIME = YES;
				ENABLE_PREVIEWS = YES;
				GENERATE_INFOPLIST_FILE = YES;
				INFOPLIST_KEY_NSHumanReadableCopyright = "";
				LD_RUNPATH_SEARCH_PATHS = (
					"$(inherited)",
					"@executable_path/../Frameworks",
				);
				MARKETING_VERSION = 1.0;
				PRODUCT_BUNDLE_IDENTIFIER = Practice.test;
				PRODUCT_NAME = "$(TARGET_NAME)";
				SWIFT_EMIT_LOC_STRINGS = YES;
				SWIFT_VERSION = 5.0;
			};
			name = Release;
		};
		719F43D129DAAE9A00D7EB55 /* Debug */ = {
			isa = XCBuildConfiguration;
			buildSettings = {
				ALWAYS_EMBED_SWIFT_STANDARD_LIBRARIES = YES;
				BUNDLE_LOADER = "$(TEST_HOST)";
				CODE_SIGN_STYLE = Automatic;
				CURRENT_PROJECT_VERSION = 1;
				DEVELOPMENT_TEAM = 2H8Q64FC32;
				GENERATE_INFOPLIST_FILE = YES;
				MACOSX_DEPLOYMENT_TARGET = 13.1;
				MARKETING_VERSION = 1.0;
				PRODUCT_BUNDLE_IDENTIFIER = Practice.testTests;
				PRODUCT_NAME = "$(TARGET_NAME)";
				SWIFT_EMIT_LOC_STRINGS = NO;
				SWIFT_VERSION = 5.0;
				TEST_HOST = "$(BUILT_PRODUCTS_DIR)/test.app/$(BUNDLE_EXECUTABLE_FOLDER_PATH)/test";
			};
			name = Debug;
		};
		719F43D229DAAE9A00D7EB55 /* Release */ = {
			isa = XCBuildConfiguration;
			buildSettings = {
				ALWAYS_EMBED_SWIFT_STANDARD_LIBRARIES = YES;
				BUNDLE_LOADER = "$(TEST_HOST)";
				CODE_SIGN_STYLE = Automatic;
				CURRENT_PROJECT_VERSION = 1;
				DEVELOPMENT_TEAM = 2H8Q64FC32;
				GENERATE_INFOPLIST_FILE = YES;
				MACOSX_DEPLOYMENT_TARGET = 13.1;
				MARKETING_VERSION = 1.0;
				PRODUCT_BUNDLE_IDENTIFIER = Practice.testTests;
				PRODUCT_NAME = "$(TARGET_NAME)";
				SWIFT_EMIT_LOC_STRINGS = NO;
				SWIFT_VERSION = 5.0;
				TEST_HOST = "$(BUILT_PRODUCTS_DIR)/test.app/$(BUNDLE_EXECUTABLE_FOLDER_PATH)/test";
			};
			name = Release;
		};
		719F43D429DAAE9A00D7EB55 /* Debug */ = {
			isa = XCBuildConfiguration;
			buildSettings = {
				ALWAYS_EMBED_SWIFT_STANDARD_LIBRARIES = YES;
				CODE_SIGN_STYLE = Automatic;
				CURRENT_PROJECT_VERSION = 1;
				DEVELOPMENT_TEAM = 2H8Q64FC32;
				GENERATE_INFOPLIST_FILE = YES;
				MARKETING_VERSION = 1.0;
				PRODUCT_BUNDLE_IDENTIFIER = Practice.testUITests;
				PRODUCT_NAME = "$(TARGET_NAME)";
				SWIFT_EMIT_LOC_STRINGS = NO;
				SWIFT_VERSION = 5.0;
				TEST_TARGET_NAME = test;
			};
			name = Debug;
		};
		719F43D529DAAE9A00D7EB55 /* Release */ = {
			isa = XCBuildConfiguration;
			buildSettings = {
				ALWAYS_EMBED_SWIFT_STANDARD_LIBRARIES = YES;
				CODE_SIGN_STYLE = Automatic;
				CURRENT_PROJECT_VERSION = 1;
				DEVELOPMENT_TEAM = 2H8Q64FC32;
				GENERATE_INFOPLIST_FILE = YES;
				MARKETING_VERSION = 1.0;
				PRODUCT_BUNDLE_IDENTIFIER = Practice.testUITests;
				PRODUCT_NAME = "$(TARGET_NAME)";
				SWIFT_EMIT_LOC_STRINGS = NO;
				SWIFT_VERSION = 5.0;
				TEST_TARGET_NAME = test;
			};
			name = Release;
		};
/* End XCBuildConfiguration section */

/* Begin XCConfigurationList section */
		719F43A329DAAE9900D7EB55 /* Build configuration list for PBXProject "test" */ = {
			isa = XCConfigurationList;
			buildConfigurations = (
				719F43CB29DAAE9A00D7EB55 /* Debug */,
				719F43CC29DAAE9A00D7EB55 /* Release */,
			);
			defaultConfigurationIsVisible = 0;
			defaultConfigurationName = Release;
		};
		719F43CD29DAAE9A00D7EB55 /* Build configuration list for PBXNativeTarget "test" */ = {
			isa = XCConfigurationList;
			buildConfigurations = (
				719F43CE29DAAE9A00D7EB55 /* Debug */,
				719F43CF29DAAE9A00D7EB55 /* Release */,
			);
			defaultConfigurationIsVisible = 0;
			defaultConfigurationName = Release;
		};
		719F43D029DAAE9A00D7EB55 /* Build configuration list for PBXNativeTarget "testTests" */ = {
			isa = XCConfigurationList;
			buildConfigurations = (
				719F43D129DAAE9A00D7EB55 /* Debug */,
				719F43D229DAAE9A00D7EB55 /* Release */,
			);
			defaultConfigurationIsVisible = 0;
			defaultConfigurationName = Release;
		};
		719F43D329DAAE9A00D7EB55 /* Build configuration list for PBXNativeTarget "testUITests" */ = {
			isa = XCConfigurationList;
			buildConfigurations = (
				719F43D429DAAE9A00D7EB55 /* Debug */,
				719F43D529DAAE9A00D7EB55 /* Release */,
			);
			defaultConfigurationIsVisible = 0;
			defaultConfigurationName = Release;
		};
/* End XCConfigurationList section */
	};
	rootObject = 719F43A029DAAE9900D7EB55 /* Project object */;
}
